PODS:
  - IQKeyboardManagerSwift (6.2.0)
  - Realm (3.13.1):
    - Realm/Headers (= 3.13.1)
  - Realm/Headers (3.13.1)
  - RealmSwift (3.13.1):
    - Realm (= 3.13.1)
  - Sourcery (0.15.0)
  - SVProgressHUD (2.2.5)
  - SwiftLint (0.30.1)

DEPENDENCIES:
  - IQKeyboardManagerSwift (~> 6.2)
  - RealmSwift (~> 3.13)
  - Sourcery (~> 0.15)
  - SVProgressHUD (~> 2.2)
  - SwiftLint (~> 0.30)

SPEC REPOS:
  https://github.com/cocoapods/specs.git:
    - IQKeyboardManagerSwift
    - Realm
    - RealmSwift
    - Sourcery
    - SVProgressHUD
    - SwiftLint

SPEC CHECKSUMS:
  IQKeyboardManagerSwift: b07ccf9d8cafe993dcd6cb794eb4ba34611a0c4e
  Realm: 50071da38fe079e0735e47c9f2eae738c68c5996
  RealmSwift: 8a1e6a02b7a08cd17a31e3115143fb69fe5f3fb9
  Sourcery: 5895672cae353cdbfa95f3f4aaeb75a664d76f6a
  SVProgressHUD: 1428aafac632c1f86f62aa4243ec12008d7a51d6
  SwiftLint: a54bf1fe12b55c68560eb2a7689dfc81458508f7

PODFILE CHECKSUM: bb2cd4c7d91491351fb122524ab0d0075b9016b6

COCOAPODS: 1.6.0
