// !$*UTF8*$!
{
	archiveVersion = 1;
	classes = {
	};
	objectVersion = 50;
	objects = {

/* Begin PBXBuildFile section */
		14264C992208C6E700655EEA /* AppDelegate.swift in Sources */ = {isa = PBXBuildFile; fileRef = 14264C982208C6E700655EEA /* AppDelegate.swift */; };
		14264C9B2208C6E700655EEA /* ViewController.swift in Sources */ = {isa = PBXBuildFile; fileRef = 14264C9A2208C6E700655EEA /* ViewController.swift */; };
		14264C9E2208C6E700655EEA /* Main.storyboard in Resources */ = {isa = PBXBuildFile; fileRef = 14264C9C2208C6E700655EEA /* Main.storyboard */; };
		14264CA02208C6E800655EEA /* Assets.xcassets in Resources */ = {isa = PBXBuildFile; fileRef = 14264C9F2208C6E800655EEA /* Assets.xcassets */; };
		14264CA32208C6E800655EEA /* LaunchScreen.storyboard in Resources */ = {isa = PBXBuildFile; fileRef = 14264CA12208C6E800655EEA /* LaunchScreen.storyboard */; };
		14264CAE2208C6E800655EEA /* UtilitiesReportTests.swift in Sources */ = {isa = PBXBuildFile; fileRef = 14264CAD2208C6E800655EEA /* UtilitiesReportTests.swift */; };
/* End PBXBuildFile section */

/* Begin PBXContainerItemProxy section */
		14264CAA2208C6E800655EEA /* PBXContainerItemProxy */ = {
			isa = PBXContainerItemProxy;
			containerPortal = 14264C8D2208C6E700655EEA /* Project object */;
			proxyType = 1;
			remoteGlobalIDString = 14264C942208C6E700655EEA;
			remoteInfo = UtilitiesReport;
		};
/* End PBXContainerItemProxy section */

/* Begin PBXFileReference section */
		14264C952208C6E700655EEA /* UtilitiesReport.app */ = {isa = PBXFileReference; explicitFileType = wrapper.application; includeInIndex = 0; path = UtilitiesReport.app; sourceTree = BUILT_PRODUCTS_DIR; };
		14264C982208C6E700655EEA /* AppDelegate.swift */ = {isa = PBXFileReference; lastKnownFileType = sourcecode.swift; path = AppDelegate.swift; sourceTree = "<group>"; };
		14264C9A2208C6E700655EEA /* ViewController.swift */ = {isa = PBXFileReference; lastKnownFileType = sourcecode.swift; path = ViewController.swift; sourceTree = "<group>"; };
		14264C9D2208C6E700655EEA /* Base */ = {isa = PBXFileReference; lastKnownFileType = file.storyboard; name = Base; path = Base.lproj/Main.storyboard; sourceTree = "<group>"; };
		14264C9F2208C6E800655EEA /* Assets.xcassets */ = {isa = PBXFileReference; lastKnownFileType = folder.assetcatalog; path = Assets.xcassets; sourceTree = "<group>"; };
		14264CA22208C6E800655EEA /* Base */ = {isa = PBXFileReference; lastKnownFileType = file.storyboard; name = Base; path = Base.lproj/LaunchScreen.storyboard; sourceTree = "<group>"; };
		14264CA42208C6E800655EEA /* Info.plist */ = {isa = PBXFileReference; lastKnownFileType = text.plist.xml; path = Info.plist; sourceTree = "<group>"; };
		14264CA92208C6E800655EEA /* UtilitiesReportTests.xctest */ = {isa = PBXFileReference; explicitFileType = wrapper.cfbundle; includeInIndex = 0; path = UtilitiesReportTests.xctest; sourceTree = BUILT_PRODUCTS_DIR; };
		14264CAD2208C6E800655EEA /* UtilitiesReportTests.swift */ = {isa = PBXFileReference; lastKnownFileType = sourcecode.swift; path = UtilitiesReportTests.swift; sourceTree = "<group>"; };
		14264CAF2208C6E800655EEA /* Info.plist */ = {isa = PBXFileReference; lastKnownFileType = text.plist.xml; path = Info.plist; sourceTree = "<group>"; };
/* End PBXFileReference section */

/* Begin PBXFrameworksBuildPhase section */
		14264C922208C6E700655EEA /* Frameworks */ = {
			isa = PBXFrameworksBuildPhase;
			buildActionMask = 2147483647;
			files = (
			);
			runOnlyForDeploymentPostprocessing = 0;
		};
		14264CA62208C6E800655EEA /* Frameworks */ = {
			isa = PBXFrameworksBuildPhase;
			buildActionMask = 2147483647;
			files = (
			);
			runOnlyForDeploymentPostprocessing = 0;
		};
/* End PBXFrameworksBuildPhase section */

/* Begin PBXGroup section */
		14264C8C2208C6E700655EEA = {
			isa = PBXGroup;
			children = (
				14264C972208C6E700655EEA /* UtilitiesReport */,
				14264CAC2208C6E800655EEA /* UtilitiesReportTests */,
				14264C962208C6E700655EEA /* Products */,
			);
			sourceTree = "<group>";
		};
		14264C962208C6E700655EEA /* Products */ = {
			isa = PBXGroup;
			children = (
				14264C952208C6E700655EEA /* UtilitiesReport.app */,
				14264CA92208C6E800655EEA /* UtilitiesReportTests.xctest */,
			);
			name = Products;
			sourceTree = "<group>";
		};
		14264C972208C6E700655EEA /* UtilitiesReport */ = {
			isa = PBXGroup;
			children = (
				14264C982208C6E700655EEA /* AppDelegate.swift */,
				14264C9A2208C6E700655EEA /* ViewController.swift */,
				14264C9C2208C6E700655EEA /* Main.storyboard */,
				14264C9F2208C6E800655EEA /* Assets.xcassets */,
				14264CA12208C6E800655EEA /* LaunchScreen.storyboard */,
				14264CA42208C6E800655EEA /* Info.plist */,
			);
			path = UtilitiesReport;
			sourceTree = "<group>";
		};
		14264CAC2208C6E800655EEA /* UtilitiesReportTests */ = {
			isa = PBXGroup;
			children = (
				14264CAD2208C6E800655EEA /* UtilitiesReportTests.swift */,
				14264CAF2208C6E800655EEA /* Info.plist */,
			);
			path = UtilitiesReportTests;
			sourceTree = "<group>";
		};
/* End PBXGroup section */

/* Begin PBXNativeTarget section */
		14264C942208C6E700655EEA /* UtilitiesReport */ = {
			isa = PBXNativeTarget;
			buildConfigurationList = 14264CB22208C6E800655EEA /* Build configuration list for PBXNativeTarget "UtilitiesReport" */;
			buildPhases = (
				14264C912208C6E700655EEA /* Sources */,
				14264C922208C6E700655EEA /* Frameworks */,
				14264C932208C6E700655EEA /* Resources */,
			);
			buildRules = (
			);
			dependencies = (
			);
			name = UtilitiesReport;
			productName = UtilitiesReport;
			productReference = 14264C952208C6E700655EEA /* UtilitiesReport.app */;
			productType = "com.apple.product-type.application";
		};
		14264CA82208C6E800655EEA /* UtilitiesReportTests */ = {
			isa = PBXNativeTarget;
			buildConfigurationList = 14264CB52208C6E800655EEA /* Build configuration list for PBXNativeTarget "UtilitiesReportTests" */;
			buildPhases = (
				14264CA52208C6E800655EEA /* Sources */,
				14264CA62208C6E800655EEA /* Frameworks */,
				14264CA72208C6E800655EEA /* Resources */,
			);
			buildRules = (
			);
			dependencies = (
				14264CAB2208C6E800655EEA /* PBXTargetDependency */,
			);
			name = UtilitiesReportTests;
			productName = UtilitiesReportTests;
			productReference = 14264CA92208C6E800655EEA /* UtilitiesReportTests.xctest */;
			productType = "com.apple.product-type.bundle.unit-test";
		};
/* End PBXNativeTarget section */

/* Begin PBXProject section */
		14264C8D2208C6E700655EEA /* Project object */ = {
			isa = PBXProject;
			attributes = {
				LastSwiftUpdateCheck = 1010;
				LastUpgradeCheck = 1010;
				ORGANIZATIONNAME = "Vadim Albul";
				TargetAttributes = {
					14264C942208C6E700655EEA = {
						CreatedOnToolsVersion = 10.1;
					};
					14264CA82208C6E800655EEA = {
						CreatedOnToolsVersion = 10.1;
						TestTargetID = 14264C942208C6E700655EEA;
					};
				};
			};
			buildConfigurationList = 14264C902208C6E700655EEA /* Build configuration list for PBXProject "UtilitiesReport" */;
			compatibilityVersion = "Xcode 9.3";
			developmentRegion = en;
			hasScannedForEncodings = 0;
			knownRegions = (
				en,
				Base,
			);
			mainGroup = 14264C8C2208C6E700655EEA;
			productRefGroup = 14264C962208C6E700655EEA /* Products */;
			projectDirPath = "";
			projectRoot = "";
			targets = (
				14264C942208C6E700655EEA /* UtilitiesReport */,
				14264CA82208C6E800655EEA /* UtilitiesReportTests */,
			);
		};
/* End PBXProject section */

/* Begin PBXResourcesBuildPhase section */
		14264C932208C6E700655EEA /* Resources */ = {
			isa = PBXResourcesBuildPhase;
			buildActionMask = 2147483647;
			files = (
				14264CA32208C6E800655EEA /* LaunchScreen.storyboard in Resources */,
				14264CA02208C6E800655EEA /* Assets.xcassets in Resources */,
				14264C9E2208C6E700655EEA /* Main.storyboard in Resources */,
			);
			runOnlyForDeploymentPostprocessing = 0;
		};
		14264CA72208C6E800655EEA /* Resources */ = {
			isa = PBXResourcesBuildPhase;
			buildActionMask = 2147483647;
			files = (
			);
			runOnlyForDeploymentPostprocessing = 0;
		};
/* End PBXResourcesBuildPhase section */

/* Begin PBXSourcesBuildPhase section */
		14264C912208C6E700655EEA /* Sources */ = {
			isa = PBXSourcesBuildPhase;
			buildActionMask = 2147483647;
			files = (
				14264C9B2208C6E700655EEA /* ViewController.swift in Sources */,
				14264C992208C6E700655EEA /* AppDelegate.swift in Sources */,
			);
			runOnlyForDeploymentPostprocessing = 0;
		};
		14264CA52208C6E800655EEA /* Sources */ = {
			isa = PBXSourcesBuildPhase;
			buildActionMask = 2147483647;
			files = (
				14264CAE2208C6E800655EEA /* UtilitiesReportTests.swift in Sources */,
			);
			runOnlyForDeploymentPostprocessing = 0;
		};
/* End PBXSourcesBuildPhase section */

/* Begin PBXTargetDependency section */
		14264CAB2208C6E800655EEA /* PBXTargetDependency */ = {
			isa = PBXTargetDependency;
			target = 14264C942208C6E700655EEA /* UtilitiesReport */;
			targetProxy = 14264CAA2208C6E800655EEA /* PBXContainerItemProxy */;
		};
/* End PBXTargetDependency section */

/* Begin PBXVariantGroup section */
		14264C9C2208C6E700655EEA /* Main.storyboard */ = {
			isa = PBXVariantGroup;
			children = (
				14264C9D2208C6E700655EEA /* Base */,
			);
			name = Main.storyboard;
			sourceTree = "<group>";
		};
		14264CA12208C6E800655EEA /* LaunchScreen.storyboard */ = {
			isa = PBXVariantGroup;
			children = (
				14264CA22208C6E800655EEA /* Base */,
			);
			name = LaunchScreen.storyboard;
			sourceTree = "<group>";
		};
/* End PBXVariantGroup section */

/* Begin XCBuildConfiguration section */
		14264CB02208C6E800655EEA /* Debug */ = {
			isa = XCBuildConfiguration;
			buildSettings = {
				ALWAYS_SEARCH_USER_PATHS = NO;
				CLANG_ANALYZER_NONNULL = YES;
				CLANG_ANALYZER_NUMBER_OBJECT_CONVERSION = YES_AGGRESSIVE;
				CLANG_CXX_LANGUAGE_STANDARD = "gnu++14";
				CLANG_CXX_LIBRARY = "libc++";
				CLANG_ENABLE_MODULES = YES;
				CLANG_ENABLE_OBJC_ARC = YES;
				CLANG_ENABLE_OBJC_WEAK = YES;
				CLANG_WARN_BLOCK_CAPTURE_AUTORELEASING = YES;
				CLANG_WARN_BOOL_CONVERSION = YES;
				CLANG_WARN_COMMA = YES;
				CLANG_WARN_CONSTANT_CONVERSION = YES;
				CLANG_WARN_DEPRECATED_OBJC_IMPLEMENTATIONS = YES;
				CLANG_WARN_DIRECT_OBJC_ISA_USAGE = YES_ERROR;
				CLANG_WARN_DOCUMENTATION_COMMENTS = YES;
				CLANG_WARN_EMPTY_BODY = YES;
				CLANG_WARN_ENUM_CONVERSION = YES;
				CLANG_WARN_INFINITE_RECURSION = YES;
				CLANG_WARN_INT_CONVERSION = YES;
				CLANG_WARN_NON_LITERAL_NULL_CONVERSION = YES;
				CLANG_WARN_OBJC_IMPLICIT_RETAIN_SELF = YES;
				CLANG_WARN_OBJC_LITERAL_CONVERSION = YES;
				CLANG_WARN_OBJC_ROOT_CLASS = YES_ERROR;
				CLANG_WARN_RANGE_LOOP_ANALYSIS = YES;
				CLANG_WARN_STRICT_PROTOTYPES = YES;
				CLANG_WARN_SUSPICIOUS_MOVE = YES;
				CLANG_WARN_UNGUARDED_AVAILABILITY = YES_AGGRESSIVE;
				CLANG_WARN_UNREACHABLE_CODE = YES;
				CLANG_WARN__DUPLICATE_METHOD_MATCH = YES;
				CODE_SIGN_IDENTITY = "iPhone Developer";
				COPY_PHASE_STRIP = NO;
				DEBUG_INFORMATION_FORMAT = dwarf;
				ENABLE_STRICT_OBJC_MSGSEND = YES;
				ENABLE_TESTABILITY = YES;
				GCC_C_LANGUAGE_STANDARD = gnu11;
				GCC_DYNAMIC_NO_PIC = NO;
				GCC_NO_COMMON_BLOCKS = YES;
				GCC_OPTIMIZATION_LEVEL = 0;
				GCC_PREPROCESSOR_DEFINITIONS = (
					"DEBUG=1",
					"$(inherited)",
				);
				GCC_WARN_64_TO_32_BIT_CONVERSION = YES;
				GCC_WARN_ABOUT_RETURN_TYPE = YES_ERROR;
				GCC_WARN_UNDECLARED_SELECTOR = YES;
				GCC_WARN_UNINITIALIZED_AUTOS = YES_AGGRESSIVE;
				GCC_WARN_UNUSED_FUNCTION = YES;
				GCC_WARN_UNUSED_VARIABLE = YES;
				IPHONEOS_DEPLOYMENT_TARGET = 12.1;
				MTL_ENABLE_DEBUG_INFO = INCLUDE_SOURCE;
				MTL_FAST_MATH = YES;
				ONLY_ACTIVE_ARCH = YES;
				SDKROOT = iphoneos;
				SWIFT_ACTIVE_COMPILATION_CONDITIONS = DEBUG;
				SWIFT_OPTIMIZATION_LEVEL = "-Onone";
			};
			name = Debug;
		};
		14264CB12208C6E800655EEA /* Release */ = {
			isa = XCBuildConfiguration;
			buildSettings = {
				ALWAYS_SEARCH_USER_PATHS = NO;
				CLANG_ANALYZER_NONNULL = YES;
				CLANG_ANALYZER_NUMBER_OBJECT_CONVERSION = YES_AGGRESSIVE;
				CLANG_CXX_LANGUAGE_STANDARD = "gnu++14";
				CLANG_CXX_LIBRARY = "libc++";
				CLANG_ENABLE_MODULES = YES;
				CLANG_ENABLE_OBJC_ARC = YES;
				CLANG_ENABLE_OBJC_WEAK = YES;
				CLANG_WARN_BLOCK_CAPTURE_AUTORELEASING = YES;
				CLANG_WARN_BOOL_CONVERSION = YES;
				CLANG_WARN_COMMA = YES;
				CLANG_WARN_CONSTANT_CONVERSION = YES;
				CLANG_WARN_DEPRECATED_OBJC_IMPLEMENTATIONS = YES;
				CLANG_WARN_DIRECT_OBJC_ISA_USAGE = YES_ERROR;
				CLANG_WARN_DOCUMENTATION_COMMENTS = YES;
				CLANG_WARN_EMPTY_BODY = YES;
				CLANG_WARN_ENUM_CONVERSION = YES;
				CLANG_WARN_INFINITE_RECURSION = YES;
				CLANG_WARN_INT_CONVERSION = YES;
				CLANG_WARN_NON_LITERAL_NULL_CONVERSION = YES;
				CLANG_WARN_OBJC_IMPLICIT_RETAIN_SELF = YES;
				CLANG_WARN_OBJC_LITERAL_CONVERSION = YES;
				CLANG_WARN_OBJC_ROOT_CLASS = YES_ERROR;
				CLANG_WARN_RANGE_LOOP_ANALYSIS = YES;
				CLANG_WARN_STRICT_PROTOTYPES = YES;
				CLANG_WARN_SUSPICIOUS_MOVE = YES;
				CLANG_WARN_UNGUARDED_AVAILABILITY = YES_AGGRESSIVE;
				CLANG_WARN_UNREACHABLE_CODE = YES;
				CLANG_WARN__DUPLICATE_METHOD_MATCH = YES;
				CODE_SIGN_IDENTITY = "iPhone Developer";
				COPY_PHASE_STRIP = NO;
				DEBUG_INFORMATION_FORMAT = "dwarf-with-dsym";
				ENABLE_NS_ASSERTIONS = NO;
				ENABLE_STRICT_OBJC_MSGSEND = YES;
				GCC_C_LANGUAGE_STANDARD = gnu11;
				GCC_NO_COMMON_BLOCKS = YES;
				GCC_WARN_64_TO_32_BIT_CONVERSION = YES;
				GCC_WARN_ABOUT_RETURN_TYPE = YES_ERROR;
				GCC_WARN_UNDECLARED_SELECTOR = YES;
				GCC_WARN_UNINITIALIZED_AUTOS = YES_AGGRESSIVE;
				GCC_WARN_UNUSED_FUNCTION = YES;
				GCC_WARN_UNUSED_VARIABLE = YES;
				IPHONEOS_DEPLOYMENT_TARGET = 12.1;
				MTL_ENABLE_DEBUG_INFO = NO;
				MTL_FAST_MATH = YES;
				SDKROOT = iphoneos;
				SWIFT_COMPILATION_MODE = wholemodule;
				SWIFT_OPTIMIZATION_LEVEL = "-O";
				VALIDATE_PRODUCT = YES;
			};
			name = Release;
		};
		14264CB32208C6E800655EEA /* Debug */ = {
			isa = XCBuildConfiguration;
			buildSettings = {
				ASSETCATALOG_COMPILER_APPICON_NAME = AppIcon;
				CODE_SIGN_STYLE = Automatic;
				DEVELOPMENT_TEAM = V69HALAU3Z;
				INFOPLIST_FILE = UtilitiesReport/Info.plist;
				LD_RUNPATH_SEARCH_PATHS = (
					"$(inherited)",
					"@executable_path/Frameworks",
				);
				PRODUCT_BUNDLE_IDENTIFIER = com.dev.UtilitiesReport;
				PRODUCT_NAME = "$(TARGET_NAME)";
				SWIFT_VERSION = 4.2;
				TARGETED_DEVICE_FAMILY = "1,2";
			};
			name = Debug;
		};
		14264CB42208C6E800655EEA /* Release */ = {
			isa = XCBuildConfiguration;
			buildSettings = {
				ASSETCATALOG_COMPILER_APPICON_NAME = AppIcon;
				CODE_SIGN_STYLE = Automatic;
				DEVELOPMENT_TEAM = V69HALAU3Z;
				INFOPLIST_FILE = UtilitiesReport/Info.plist;
				LD_RUNPATH_SEARCH_PATHS = (
					"$(inherited)",
					"@executable_path/Frameworks",
				);
				PRODUCT_BUNDLE_IDENTIFIER = com.dev.UtilitiesReport;
				PRODUCT_NAME = "$(TARGET_NAME)";
				SWIFT_VERSION = 4.2;
				TARGETED_DEVICE_FAMILY = "1,2";
			};
			name = Release;
		};
		14264CB62208C6E800655EEA /* Debug */ = {
			isa = XCBuildConfiguration;
			buildSettings = {
				ALWAYS_EMBED_SWIFT_STANDARD_LIBRARIES = YES;
				BUNDLE_LOADER = "$(TEST_HOST)";
				CODE_SIGN_STYLE = Automatic;
				DEVELOPMENT_TEAM = V69HALAU3Z;
				INFOPLIST_FILE = UtilitiesReportTests/Info.plist;
				LD_RUNPATH_SEARCH_PATHS = (
					"$(inherited)",
					"@executable_path/Frameworks",
					"@loader_path/Frameworks",
				);
				PRODUCT_BUNDLE_IDENTIFIER = com.dev.UtilitiesReportTests;
				PRODUCT_NAME = "$(TARGET_NAME)";
				SWIFT_VERSION = 4.2;
				TARGETED_DEVICE_FAMILY = "1,2";
				TEST_HOST = "$(BUILT_PRODUCTS_DIR)/UtilitiesReport.app/UtilitiesReport";
			};
			name = Debug;
		};
		14264CB72208C6E800655EEA /* Release */ = {
			isa = XCBuildConfiguration;
			buildSettings = {
				ALWAYS_EMBED_SWIFT_STANDARD_LIBRARIES = YES;
				BUNDLE_LOADER = "$(TEST_HOST)";
				CODE_SIGN_STYLE = Automatic;
				DEVELOPMENT_TEAM = V69HALAU3Z;
				INFOPLIST_FILE = UtilitiesReportTests/Info.plist;
				LD_RUNPATH_SEARCH_PATHS = (
					"$(inherited)",
					"@executable_path/Frameworks",
					"@loader_path/Frameworks",
				);
				PRODUCT_BUNDLE_IDENTIFIER = com.dev.UtilitiesReportTests;
				PRODUCT_NAME = "$(TARGET_NAME)";
				SWIFT_VERSION = 4.2;
				TARGETED_DEVICE_FAMILY = "1,2";
				TEST_HOST = "$(BUILT_PRODUCTS_DIR)/UtilitiesReport.app/UtilitiesReport";
			};
			name = Release;
		};
/* End XCBuildConfiguration section */

/* Begin XCConfigurationList section */
		14264C902208C6E700655EEA /* Build configuration list for PBXProject "UtilitiesReport" */ = {
			isa = XCConfigurationList;
			buildConfigurations = (
				14264CB02208C6E800655EEA /* Debug */,
				14264CB12208C6E800655EEA /* Release */,
			);
			defaultConfigurationIsVisible = 0;
			defaultConfigurationName = Release;
		};
		14264CB22208C6E800655EEA /* Build configuration list for PBXNativeTarget "UtilitiesReport" */ = {
			isa = XCConfigurationList;
			buildConfigurations = (
				14264CB32208C6E800655EEA /* Debug */,
				14264CB42208C6E800655EEA /* Release */,
			);
			defaultConfigurationIsVisible = 0;
			defaultConfigurationName = Release;
		};
		14264CB52208C6E800655EEA /* Build configuration list for PBXNativeTarget "UtilitiesReportTests" */ = {
			isa = XCConfigurationList;
			buildConfigurations = (
				14264CB62208C6E800655EEA /* Debug */,
				14264CB72208C6E800655EEA /* Release */,
			);
			defaultConfigurationIsVisible = 0;
			defaultConfigurationName = Release;
		};
/* End XCConfigurationList section */
	};
	rootObject = 14264C8D2208C6E700655EEA /* Project object */;
}
